
Microsoft Visual Studio Solution File, Format Version 12.00
# Visual Studio Version 17
VisualStudioVersion = 17.5.33516.290
MinimumVisualStudioVersion = 10.0.40219.1
Project("{FAE04EC0-301F-11D3-BF4B-00C04F79EFBC}") = "multitaskins_lab2", "multitaskins_lab2\multitaskins_lab2.csproj", "{C1DD4923-18A1-4E82-ABA9-D0004E25AE7B}"
EndProject
Global
	GlobalSection(SolutionConfigurationPlatforms) = preSolution
		Debug|Any CPU = Debug|Any CPU
		Release|Any CPU = Release|Any CPU
	EndGlobalSection
	GlobalSection(ProjectConfigurationPlatforms) = postSolution
		{C1DD4923-18A1-4E82-ABA9-D0004E25AE7B}.Debug|Any CPU.ActiveCfg = Debug|Any CPU
		{C1DD4923-18A1-4E82-ABA9-D0004E25AE7B}.Debug|Any CPU.Build.0 = Debug|Any CPU
		{C1DD4923-18A1-4E82-ABA9-D0004E25AE7B}.Release|Any CPU.ActiveCfg = Release|Any CPU
		{C1DD4923-18A1-4E82-ABA9-D0004E25AE7B}.Release|Any CPU.Build.0 = Release|Any CPU
	EndGlobalSection
	GlobalSection(SolutionProperties) = preSolution
		HideSolutionNode = FALSE
	EndGlobalSection
	GlobalSection(ExtensibilityGlobals) = postSolution
		SolutionGuid = {8667C469-6C1C-4D00-B047-6E2773048FD2}
	EndGlobalSection
EndGlobal
